
Microsoft Visual Studio Solution File, Format Version 12.00
# Visual Studio Version 17
VisualStudioVersion = 17.0.32112.339
MinimumVisualStudioVersion = 10.0.40219.1
Project("{FAE04EC0-301F-11D3-BF4B-00C04F79EFBC}") = "DSFlix.UWP", "DSFlix.UWP\DSFlix.UWP.csproj", "{1B0D2095-9F8A-4524-9699-222CC0DA063B}"
EndProject
Project("{FAE04EC0-301F-11D3-BF4B-00C04F79EFBC}") = "DSFlix.Android", "DSFlix.Android\DSFlix.Android.csproj", "{8EF490F3-B9F8-4824-8F2B-B6D36641FA0C}"
EndProject
Project("{FAE04EC0-301F-11D3-BF4B-00C04F79EFBC}") = "DSFlix", "DSFlix\DSFlix.csproj", "{1349AD5C-1162-4167-8A9F-BB8A97F28C41}"
EndProject
Global
	GlobalSection(SolutionConfigurationPlatforms) = preSolution
		Debug|Any CPU = Debug|Any CPU
		Debug|ARM = Debug|ARM
		Debug|x64 = Debug|x64
		Debug|x86 = Debug|x86
		Release|Any CPU = Release|Any CPU
		Release|ARM = Release|ARM
		Release|x64 = Release|x64
		Release|x86 = Release|x86
	EndGlobalSection
	GlobalSection(ProjectConfigurationPlatforms) = postSolution
		{1B0D2095-9F8A-4524-9699-222CC0DA063B}.Debug|Any CPU.ActiveCfg = Debug|x64
		{1B0D2095-9F8A-4524-9699-222CC0DA063B}.Debug|Any CPU.Build.0 = Debug|x64
		{1B0D2095-9F8A-4524-9699-222CC0DA063B}.Debug|Any CPU.Deploy.0 = Debug|x64
		{1B0D2095-9F8A-4524-9699-222CC0DA063B}.Debug|ARM.ActiveCfg = Debug|ARM
		{1B0D2095-9F8A-4524-9699-222CC0DA063B}.Debug|ARM.Build.0 = Debug|ARM
		{1B0D2095-9F8A-4524-9699-222CC0DA063B}.Debug|ARM.Deploy.0 = Debug|ARM
		{1B0D2095-9F8A-4524-9699-222CC0DA063B}.Debug|x64.ActiveCfg = Debug|x64
		{1B0D2095-9F8A-4524-9699-222CC0DA063B}.Debug|x64.Build.0 = Debug|x64
		{1B0D2095-9F8A-4524-9699-222CC0DA063B}.Debug|x64.Deploy.0 = Debug|x64
		{1B0D2095-9F8A-4524-9699-222CC0DA063B}.Debug|x86.ActiveCfg = Debug|x86
		{1B0D2095-9F8A-4524-9699-222CC0DA063B}.Debug|x86.Build.0 = Debug|x86
		{1B0D2095-9F8A-4524-9699-222CC0DA063B}.Debug|x86.Deploy.0 = Debug|x86
		{1B0D2095-9F8A-4524-9699-222CC0DA063B}.Release|Any CPU.ActiveCfg = Release|x64
		{1B0D2095-9F8A-4524-9699-222CC0DA063B}.Release|Any CPU.Build.0 = Release|x64
		{1B0D2095-9F8A-4524-9699-222CC0DA063B}.Release|Any CPU.Deploy.0 = Release|x64
		{1B0D2095-9F8A-4524-9699-222CC0DA063B}.Release|ARM.ActiveCfg = Release|ARM
		{1B0D2095-9F8A-4524-9699-222CC0DA063B}.Release|ARM.Build.0 = Release|ARM
		{1B0D2095-9F8A-4524-9699-222CC0DA063B}.Release|ARM.Deploy.0 = Release|ARM
		{1B0D2095-9F8A-4524-9699-222CC0DA063B}.Release|x64.ActiveCfg = Release|x64
		{1B0D2095-9F8A-4524-9699-222CC0DA063B}.Release|x64.Build.0 = Release|x64
		{1B0D2095-9F8A-4524-9699-222CC0DA063B}.Release|x64.Deploy.0 = Release|x64
		{1B0D2095-9F8A-4524-9699-222CC0DA063B}.Release|x86.ActiveCfg = Release|x86
		{1B0D2095-9F8A-4524-9699-222CC0DA063B}.Release|x86.Build.0 = Release|x86
		{1B0D2095-9F8A-4524-9699-222CC0DA063B}.Release|x86.Deploy.0 = Release|x86
		{8EF490F3-B9F8-4824-8F2B-B6D36641FA0C}.Debug|Any CPU.ActiveCfg = Debug|Any CPU
		{8EF490F3-B9F8-4824-8F2B-B6D36641FA0C}.Debug|Any CPU.Build.0 = Debug|Any CPU
		{8EF490F3-B9F8-4824-8F2B-B6D36641FA0C}.Debug|Any CPU.Deploy.0 = Debug|Any CPU
		{8EF490F3-B9F8-4824-8F2B-B6D36641FA0C}.Debug|ARM.ActiveCfg = Debug|Any CPU
		{8EF490F3-B9F8-4824-8F2B-B6D36641FA0C}.Debug|ARM.Build.0 = Debug|Any CPU
		{8EF490F3-B9F8-4824-8F2B-B6D36641FA0C}.Debug|ARM.Deploy.0 = Debug|Any CPU
		{8EF490F3-B9F8-4824-8F2B-B6D36641FA0C}.Debug|x64.ActiveCfg = Debug|Any CPU
		{8EF490F3-B9F8-4824-8F2B-B6D36641FA0C}.Debug|x64.Build.0 = Debug|Any CPU
		{8EF490F3-B9F8-4824-8F2B-B6D36641FA0C}.Debug|x64.Deploy.0 = Debug|Any CPU
		{8EF490F3-B9F8-4824-8F2B-B6D36641FA0C}.Debug|x86.ActiveCfg = Debug|Any CPU
		{8EF490F3-B9F8-4824-8F2B-B6D36641FA0C}.Debug|x86.Build.0 = Debug|Any CPU
		{8EF490F3-B9F8-4824-8F2B-B6D36641FA0C}.Debug|x86.Deploy.0 = Debug|Any CPU
		{8EF490F3-B9F8-4824-8F2B-B6D36641FA0C}.Release|Any CPU.ActiveCfg = Release|Any CPU
		{8EF490F3-B9F8-4824-8F2B-B6D36641FA0C}.Release|Any CPU.Build.0 = Release|Any CPU
		{8EF490F3-B9F8-4824-8F2B-B6D36641FA0C}.Release|Any CPU.Deploy.0 = Release|Any CPU
		{8EF490F3-B9F8-4824-8F2B-B6D36641FA0C}.Release|ARM.ActiveCfg = Release|Any CPU
		{8EF490F3-B9F8-4824-8F2B-B6D36641FA0C}.Release|ARM.Build.0 = Release|Any CPU
		{8EF490F3-B9F8-4824-8F2B-B6D36641FA0C}.Release|ARM.Deploy.0 = Release|Any CPU
		{8EF490F3-B9F8-4824-8F2B-B6D36641FA0C}.Release|x64.ActiveCfg = Release|Any CPU
		{8EF490F3-B9F8-4824-8F2B-B6D36641FA0C}.Release|x64.Build.0 = Release|Any CPU
		{8EF490F3-B9F8-4824-8F2B-B6D36641FA0C}.Release|x64.Deploy.0 = Release|Any CPU
		{8EF490F3-B9F8-4824-8F2B-B6D36641FA0C}.Release|x86.ActiveCfg = Release|Any CPU
		{8EF490F3-B9F8-4824-8F2B-B6D36641FA0C}.Release|x86.Build.0 = Release|Any CPU
		{8EF490F3-B9F8-4824-8F2B-B6D36641FA0C}.Release|x86.Deploy.0 = Release|Any CPU
		{1349AD5C-1162-4167-8A9F-BB8A97F28C41}.Debug|Any CPU.ActiveCfg = Debug|Any CPU
		{1349AD5C-1162-4167-8A9F-BB8A97F28C41}.Debug|Any CPU.Build.0 = Debug|Any CPU
		{1349AD5C-1162-4167-8A9F-BB8A97F28C41}.Debug|Any CPU.Deploy.0 = Debug|Any CPU
		{1349AD5C-1162-4167-8A9F-BB8A97F28C41}.Debug|ARM.ActiveCfg = Debug|Any CPU
		{1349AD5C-1162-4167-8A9F-BB8A97F28C41}.Debug|ARM.Build.0 = Debug|Any CPU
		{1349AD5C-1162-4167-8A9F-BB8A97F28C41}.Debug|ARM.Deploy.0 = Debug|Any CPU
		{1349AD5C-1162-4167-8A9F-BB8A97F28C41}.Debug|x64.ActiveCfg = Debug|Any CPU
		{1349AD5C-1162-4167-8A9F-BB8A97F28C41}.Debug|x64.Build.0 = Debug|Any CPU
		{1349AD5C-1162-4167-8A9F-BB8A97F28C41}.Debug|x64.Deploy.0 = Debug|Any CPU
		{1349AD5C-1162-4167-8A9F-BB8A97F28C41}.Debug|x86.ActiveCfg = Debug|Any CPU
		{1349AD5C-1162-4167-8A9F-BB8A97F28C41}.Debug|x86.Build.0 = Debug|Any CPU
		{1349AD5C-1162-4167-8A9F-BB8A97F28C41}.Debug|x86.Deploy.0 = Debug|Any CPU
		{1349AD5C-1162-4167-8A9F-BB8A97F28C41}.Release|Any CPU.ActiveCfg = Release|Any CPU
		{1349AD5C-1162-4167-8A9F-BB8A97F28C41}.Release|Any CPU.Build.0 = Release|Any CPU
		{1349AD5C-1162-4167-8A9F-BB8A97F28C41}.Release|Any CPU.Deploy.0 = Release|Any CPU
		{1349AD5C-1162-4167-8A9F-BB8A97F28C41}.Release|ARM.ActiveCfg = Release|Any CPU
		{1349AD5C-1162-4167-8A9F-BB8A97F28C41}.Release|ARM.Build.0 = Release|Any CPU
		{1349AD5C-1162-4167-8A9F-BB8A97F28C41}.Release|ARM.Deploy.0 = Release|Any CPU
		{1349AD5C-1162-4167-8A9F-BB8A97F28C41}.Release|x64.ActiveCfg = Release|Any CPU
		{1349AD5C-1162-4167-8A9F-BB8A97F28C41}.Release|x64.Build.0 = Release|Any CPU
		{1349AD5C-1162-4167-8A9F-BB8A97F28C41}.Release|x64.Deploy.0 = Release|Any CPU
		{1349AD5C-1162-4167-8A9F-BB8A97F28C41}.Release|x86.ActiveCfg = Release|Any CPU
		{1349AD5C-1162-4167-8A9F-BB8A97F28C41}.Release|x86.Build.0 = Release|Any CPU
		{1349AD5C-1162-4167-8A9F-BB8A97F28C41}.Release|x86.Deploy.0 = Release|Any CPU
	EndGlobalSection
	GlobalSection(SolutionProperties) = preSolution
		HideSolutionNode = FALSE
	EndGlobalSection
	GlobalSection(ExtensibilityGlobals) = postSolution
		SolutionGuid = {5C39CBEC-BD62-4F1C-BD1F-B26D2253169D}
	EndGlobalSection
EndGlobal
